name: Push new lockfile

# read-write repo token
# access to secrets
on:
  workflow_run:
    workflows: ["Update yarn lockfile for dependabot PRs"]
    types:
      - completed

jobs:
  upload:
    runs-on: ubuntu-latest
    if: >
      ${{ github.event.workflow_run.event == 'pull_request' &&
      github.event.workflow_run.conclusion == 'success' }}
    steps: 
      - name: Delete old lockfile
        run: |
          rm -rf yarn.lock
  
      - name: Download artifact
        uses: dawidd6/action-download-artifact@v2
        with:
          github_token: ${{ secrets.GITHUB_TOKEN }}
          workflow: update-yarn-lock.yml
          run_id: ${{ github.event.workflow_run.id }}
    
      - name: Read PR ref file
        id: getref
        run: echo "::set-output name=pr_ref::$(cat gh-pr-ref)"
       
      - uses: actions/checkout@v2
        with:
          ref: ${{ steps.getref.outputs.pr_ref }}
          
      
      - name: Delete old lockfile
        run: |
          rm -rf yarn.lock
  
      - name: Download artifact
        uses: dawidd6/action-download-artifact@v2
        with:
          github_token: ${{ secrets.GITHUB_TOKEN }}
          workflow: update-yarn-lock.yml
          run_id: ${{ github.event.workflow_run.id }}

      - name: Commit & push
        run: |
          mv yarn.lock/yarn.lock ./yarn.lock.old
          rmdir yarn.lock
          mv yarn.lock.old yarn.lock
          git config user.name github-actions
          git config user.email github-actions@github.com
          git add yarn.lock
          git commit -m "Update yarn lockfile"
          git push origin HEAD:${{ steps.getref.outputs.pr_ref }}
