name: Update yarn  lockfile for dependabot PRs

on:
  push:
    branches:
      - "dependabot/**"
      
jobs:
  build:
    name: Build image
    runs-on: ubuntu-20.04

    steps:
      - name: Checkout project
        uses: actions/checkout@v2
 
      - name: Update lockfile
        run:  rm yarn.lock && YARN_ENABLE_IMMUTABLE_INSTALLS=false yarn install

      - name: Commit & push changes
        run:  git commit -a -m "Update yarn.lock" && git push
 
