name: Update yarn  lockfile for dependabot PRs

on:
  pull_request_target

jobs:
  build:
    if: ${{ github.actor == 'dependabot[bot]' }}
    name: Update lockfile
    runs-on: ubuntu-20.04

    steps:
      - name: Checkout project
        uses: actions/checkout@v2
 
      - name: Update lockfile
        run:  rm yarn.lock && YARN_ENABLE_IMMUTABLE_INSTALLS=false yarn install

      - name: Configure git user
        uses: fregante/setup-git-user@v1

      - name: Commit & push changes
        run:  git commit -a -m "Update yarn.lock" && git push
 
