name: Update yarn lockfile for dependabot PRs

on:
  pull_request

jobs:
  update:
    if: ${{ github.actor == 'dependabot[bot]' }}
    name: Update lockfile
    runs-on: ubuntu-20.04

    steps:
      - name: Checkout project
        uses: actions/checkout@v2
 
      - name: Update lockfile
        run:  rm yarn.lock && YARN_ENABLE_IMMUTABLE_INSTALLS=false yarn install

      - name: Save PR number
        run:  echo ${GITHUB_HEAD_REF} > ./gh-pr-ref

      - uses: actions/upload-artifact@v2
        with:
          name: yarn.lock
          path: yarn.lock

      - uses: actions/upload-artifact@v2
        with:
          name: gh-pr-ref
          path: gh-pr-ref
